
Microsoft Visual Studio Solution File, Format Version 12.00
# Visual Studio 15
VisualStudioVersion = 15.0.27703.2000
MinimumVisualStudioVersion = 10.0.40219.1
Project("{9A19103F-16F7-4668-BE54-9A1E7A4F7556}") = "Alcev", "Alcev.csproj", "{2EEF3470-0E8D-4122-A402-79DDB79526D3}"
EndProject
Global
	GlobalSection(SolutionConfigurationPlatforms) = preSolution
		Debug|Any CPU = Debug|Any CPU
		Release|Any CPU = Release|Any CPU
	EndGlobalSection
	GlobalSection(ProjectConfigurationPlatforms) = postSolution
		{2EEF3470-0E8D-4122-A402-79DDB79526D3}.Debug|Any CPU.ActiveCfg = Debug|Any CPU
		{2EEF3470-0E8D-4122-A402-79DDB79526D3}.Debug|Any CPU.Build.0 = Debug|Any CPU
		{2EEF3470-0E8D-4122-A402-79DDB79526D3}.Release|Any CPU.ActiveCfg = Release|Any CPU
		{2EEF3470-0E8D-4122-A402-79DDB79526D3}.Release|Any CPU.Build.0 = Release|Any CPU
	EndGlobalSection
	GlobalSection(SolutionProperties) = preSolution
		HideSolutionNode = FALSE
	EndGlobalSection
	GlobalSection(ExtensibilityGlobals) = postSolution
		SolutionGuid = {5452E0CE-CAE6-4DFD-8FE0-DF5C9C1FCA14}
	EndGlobalSection
EndGlobal
